
Microsoft Visual Studio Solution File, Format Version 12.00
# Visual Studio Version 17
VisualStudioVersion = 17.9.34607.119
MinimumVisualStudioVersion = 10.0.40219.1
Project("{9A19103F-16F7-4668-BE54-9A1E7A4F7556}") = "Cinema.WebApi", "Cinema.WebApi.csproj", "{E2FED6F9-8CCC-4C24-9ED9-7411D3F7393A}"
EndProject
Project("{9A19103F-16F7-4668-BE54-9A1E7A4F7556}") = "Cinema.Application", "..\Cinema.Application\Cinema.Application.csproj", "{F87F8861-AB33-47A5-9E32-99AD462D9054}"
EndProject
Project("{9A19103F-16F7-4668-BE54-9A1E7A4F7556}") = "Cinema.Infrastructure", "..\Cinema.Infrastructure\Cinema.Infrastructure.csproj", "{6B0C2D23-FDAD-4391-9AF0-28DD1BAEE9B8}"
EndProject
Project("{9A19103F-16F7-4668-BE54-9A1E7A4F7556}") = "Cinema.WebUI", "..\Cinema.WebUI\Cinema.WebUI.csproj", "{9474BAFA-0661-4AD0-B811-9B62C9F6FC4A}"
EndProject
Project("{FAE04EC0-301F-11D3-BF4B-00C04F79EFBC}") = "Cinema.Domain", "..\Cinema.Domain\Cinema.Domain.csproj", "{DDE3A082-2871-4763-AAA7-AD4D2E11453B}"
EndProject
Global
	GlobalSection(SolutionConfigurationPlatforms) = preSolution
		Debug|Any CPU = Debug|Any CPU
		Release|Any CPU = Release|Any CPU
	EndGlobalSection
	GlobalSection(ProjectConfigurationPlatforms) = postSolution
		{E2FED6F9-8CCC-4C24-9ED9-7411D3F7393A}.Debug|Any CPU.ActiveCfg = Debug|Any CPU
		{E2FED6F9-8CCC-4C24-9ED9-7411D3F7393A}.Debug|Any CPU.Build.0 = Debug|Any CPU
		{E2FED6F9-8CCC-4C24-9ED9-7411D3F7393A}.Release|Any CPU.ActiveCfg = Release|Any CPU
		{E2FED6F9-8CCC-4C24-9ED9-7411D3F7393A}.Release|Any CPU.Build.0 = Release|Any CPU
		{F87F8861-AB33-47A5-9E32-99AD462D9054}.Debug|Any CPU.ActiveCfg = Debug|Any CPU
		{F87F8861-AB33-47A5-9E32-99AD462D9054}.Debug|Any CPU.Build.0 = Debug|Any CPU
		{F87F8861-AB33-47A5-9E32-99AD462D9054}.Release|Any CPU.ActiveCfg = Release|Any CPU
		{F87F8861-AB33-47A5-9E32-99AD462D9054}.Release|Any CPU.Build.0 = Release|Any CPU
		{6B0C2D23-FDAD-4391-9AF0-28DD1BAEE9B8}.Debug|Any CPU.ActiveCfg = Debug|Any CPU
		{6B0C2D23-FDAD-4391-9AF0-28DD1BAEE9B8}.Debug|Any CPU.Build.0 = Debug|Any CPU
		{6B0C2D23-FDAD-4391-9AF0-28DD1BAEE9B8}.Release|Any CPU.ActiveCfg = Release|Any CPU
		{6B0C2D23-FDAD-4391-9AF0-28DD1BAEE9B8}.Release|Any CPU.Build.0 = Release|Any CPU
		{9474BAFA-0661-4AD0-B811-9B62C9F6FC4A}.Debug|Any CPU.ActiveCfg = Debug|Any CPU
		{9474BAFA-0661-4AD0-B811-9B62C9F6FC4A}.Debug|Any CPU.Build.0 = Debug|Any CPU
		{9474BAFA-0661-4AD0-B811-9B62C9F6FC4A}.Release|Any CPU.ActiveCfg = Release|Any CPU
		{9474BAFA-0661-4AD0-B811-9B62C9F6FC4A}.Release|Any CPU.Build.0 = Release|Any CPU
		{DDE3A082-2871-4763-AAA7-AD4D2E11453B}.Debug|Any CPU.ActiveCfg = Debug|Any CPU
		{DDE3A082-2871-4763-AAA7-AD4D2E11453B}.Debug|Any CPU.Build.0 = Debug|Any CPU
		{DDE3A082-2871-4763-AAA7-AD4D2E11453B}.Release|Any CPU.ActiveCfg = Release|Any CPU
		{DDE3A082-2871-4763-AAA7-AD4D2E11453B}.Release|Any CPU.Build.0 = Release|Any CPU
	EndGlobalSection
	GlobalSection(SolutionProperties) = preSolution
		HideSolutionNode = FALSE
	EndGlobalSection
	GlobalSection(ExtensibilityGlobals) = postSolution
		SolutionGuid = {74634F93-B5A9-44D5-801F-C86CC24CF747}
	EndGlobalSection
EndGlobal
